
Microsoft Visual Studio Solution File, Format Version 12.00
# Visual Studio 14
VisualStudioVersion = 14.0.25123.0
MinimumVisualStudioVersion = 10.0.40219.1
Project("{FAE04EC0-301F-11D3-BF4B-00C04F79EFBC}") = "Modulo3Licao3", "Modulo3Licao3\Modulo3Licao3.csproj", "{9DF8F9F4-F088-4AC2-9AFD-D13D0A602875}"
EndProject
Project("{FAE04EC0-301F-11D3-BF4B-00C04F79EFBC}") = "Modulo2Licao1e2", "Modulo2Licao1\Modulo2Licao1e2.csproj", "{4E51DD26-3799-4A97-8422-A0B5C73614A8}"
EndProject
Project("{FAE04EC0-301F-11D3-BF4B-00C04F79EFBC}") = "Modulo3Licao1", "Modulo3Licao1\Modulo3Licao1.csproj", "{E1301A52-72DA-4F06-AF23-C86634BFF39F}"
EndProject
Project("{FAE04EC0-301F-11D3-BF4B-00C04F79EFBC}") = "Modulo3Licao2", "Modulo3Licao2\Modulo3Licao2.csproj", "{0EBC76D1-FF00-4158-9AF8-2184F979C7D6}"
EndProject
Project("{FAE04EC0-301F-11D3-BF4B-00C04F79EFBC}") = "AppFinalXamarin", "AppFinalXamarin\AppFinalXamarin.csproj", "{B8509D40-CBDF-4FF5-9E3A-A09C60A5DA67}"
EndProject
Global
	GlobalSection(SolutionConfigurationPlatforms) = preSolution
		Ad-Hoc|Any CPU = Ad-Hoc|Any CPU
		Ad-Hoc|iPhone = Ad-Hoc|iPhone
		Ad-Hoc|iPhoneSimulator = Ad-Hoc|iPhoneSimulator
		AppStore|Any CPU = AppStore|Any CPU
		AppStore|iPhone = AppStore|iPhone
		AppStore|iPhoneSimulator = AppStore|iPhoneSimulator
		Debug|Any CPU = Debug|Any CPU
		Debug|iPhone = Debug|iPhone
		Debug|iPhoneSimulator = Debug|iPhoneSimulator
		Release|Any CPU = Release|Any CPU
		Release|iPhone = Release|iPhone
		Release|iPhoneSimulator = Release|iPhoneSimulator
	EndGlobalSection
	GlobalSection(ProjectConfigurationPlatforms) = postSolution
		{9DF8F9F4-F088-4AC2-9AFD-D13D0A602875}.Ad-Hoc|Any CPU.ActiveCfg = Ad-Hoc|iPhone
		{9DF8F9F4-F088-4AC2-9AFD-D13D0A602875}.Ad-Hoc|iPhone.ActiveCfg = Ad-Hoc|iPhone
		{9DF8F9F4-F088-4AC2-9AFD-D13D0A602875}.Ad-Hoc|iPhone.Build.0 = Ad-Hoc|iPhone
		{9DF8F9F4-F088-4AC2-9AFD-D13D0A602875}.Ad-Hoc|iPhoneSimulator.ActiveCfg = Ad-Hoc|iPhoneSimulator
		{9DF8F9F4-F088-4AC2-9AFD-D13D0A602875}.Ad-Hoc|iPhoneSimulator.Build.0 = Ad-Hoc|iPhoneSimulator
		{9DF8F9F4-F088-4AC2-9AFD-D13D0A602875}.AppStore|Any CPU.ActiveCfg = AppStore|iPhone
		{9DF8F9F4-F088-4AC2-9AFD-D13D0A602875}.AppStore|iPhone.ActiveCfg = AppStore|iPhone
		{9DF8F9F4-F088-4AC2-9AFD-D13D0A602875}.AppStore|iPhone.Build.0 = AppStore|iPhone
		{9DF8F9F4-F088-4AC2-9AFD-D13D0A602875}.AppStore|iPhoneSimulator.ActiveCfg = AppStore|iPhoneSimulator
		{9DF8F9F4-F088-4AC2-9AFD-D13D0A602875}.AppStore|iPhoneSimulator.Build.0 = AppStore|iPhoneSimulator
		{9DF8F9F4-F088-4AC2-9AFD-D13D0A602875}.Debug|Any CPU.ActiveCfg = Debug|iPhone
		{9DF8F9F4-F088-4AC2-9AFD-D13D0A602875}.Debug|iPhone.ActiveCfg = Debug|iPhone
		{9DF8F9F4-F088-4AC2-9AFD-D13D0A602875}.Debug|iPhone.Build.0 = Debug|iPhone
		{9DF8F9F4-F088-4AC2-9AFD-D13D0A602875}.Debug|iPhoneSimulator.ActiveCfg = Debug|iPhoneSimulator
		{9DF8F9F4-F088-4AC2-9AFD-D13D0A602875}.Debug|iPhoneSimulator.Build.0 = Debug|iPhoneSimulator
		{9DF8F9F4-F088-4AC2-9AFD-D13D0A602875}.Release|Any CPU.ActiveCfg = Release|iPhone
		{9DF8F9F4-F088-4AC2-9AFD-D13D0A602875}.Release|iPhone.ActiveCfg = Release|iPhone
		{9DF8F9F4-F088-4AC2-9AFD-D13D0A602875}.Release|iPhone.Build.0 = Release|iPhone
		{9DF8F9F4-F088-4AC2-9AFD-D13D0A602875}.Release|iPhoneSimulator.ActiveCfg = Release|iPhoneSimulator
		{9DF8F9F4-F088-4AC2-9AFD-D13D0A602875}.Release|iPhoneSimulator.Build.0 = Release|iPhoneSimulator
		{4E51DD26-3799-4A97-8422-A0B5C73614A8}.Ad-Hoc|Any CPU.ActiveCfg = Release|Any CPU
		{4E51DD26-3799-4A97-8422-A0B5C73614A8}.Ad-Hoc|Any CPU.Build.0 = Release|Any CPU
		{4E51DD26-3799-4A97-8422-A0B5C73614A8}.Ad-Hoc|Any CPU.Deploy.0 = Release|Any CPU
		{4E51DD26-3799-4A97-8422-A0B5C73614A8}.Ad-Hoc|iPhone.ActiveCfg = Release|Any CPU
		{4E51DD26-3799-4A97-8422-A0B5C73614A8}.Ad-Hoc|iPhone.Build.0 = Release|Any CPU
		{4E51DD26-3799-4A97-8422-A0B5C73614A8}.Ad-Hoc|iPhone.Deploy.0 = Release|Any CPU
		{4E51DD26-3799-4A97-8422-A0B5C73614A8}.Ad-Hoc|iPhoneSimulator.ActiveCfg = Release|Any CPU
		{4E51DD26-3799-4A97-8422-A0B5C73614A8}.Ad-Hoc|iPhoneSimulator.Build.0 = Release|Any CPU
		{4E51DD26-3799-4A97-8422-A0B5C73614A8}.Ad-Hoc|iPhoneSimulator.Deploy.0 = Release|Any CPU
		{4E51DD26-3799-4A97-8422-A0B5C73614A8}.AppStore|Any CPU.ActiveCfg = Release|Any CPU
		{4E51DD26-3799-4A97-8422-A0B5C73614A8}.AppStore|Any CPU.Build.0 = Release|Any CPU
		{4E51DD26-3799-4A97-8422-A0B5C73614A8}.AppStore|Any CPU.Deploy.0 = Release|Any CPU
		{4E51DD26-3799-4A97-8422-A0B5C73614A8}.AppStore|iPhone.ActiveCfg = Release|Any CPU
		{4E51DD26-3799-4A97-8422-A0B5C73614A8}.AppStore|iPhone.Build.0 = Release|Any CPU
		{4E51DD26-3799-4A97-8422-A0B5C73614A8}.AppStore|iPhone.Deploy.0 = Release|Any CPU
		{4E51DD26-3799-4A97-8422-A0B5C73614A8}.AppStore|iPhoneSimulator.ActiveCfg = Release|Any CPU
		{4E51DD26-3799-4A97-8422-A0B5C73614A8}.AppStore|iPhoneSimulator.Build.0 = Release|Any CPU
		{4E51DD26-3799-4A97-8422-A0B5C73614A8}.AppStore|iPhoneSimulator.Deploy.0 = Release|Any CPU
		{4E51DD26-3799-4A97-8422-A0B5C73614A8}.Debug|Any CPU.ActiveCfg = Debug|Any CPU
		{4E51DD26-3799-4A97-8422-A0B5C73614A8}.Debug|Any CPU.Build.0 = Debug|Any CPU
		{4E51DD26-3799-4A97-8422-A0B5C73614A8}.Debug|Any CPU.Deploy.0 = Debug|Any CPU
		{4E51DD26-3799-4A97-8422-A0B5C73614A8}.Debug|iPhone.ActiveCfg = Debug|Any CPU
		{4E51DD26-3799-4A97-8422-A0B5C73614A8}.Debug|iPhone.Build.0 = Debug|Any CPU
		{4E51DD26-3799-4A97-8422-A0B5C73614A8}.Debug|iPhone.Deploy.0 = Debug|Any CPU
		{4E51DD26-3799-4A97-8422-A0B5C73614A8}.Debug|iPhoneSimulator.ActiveCfg = Debug|Any CPU
		{4E51DD26-3799-4A97-8422-A0B5C73614A8}.Debug|iPhoneSimulator.Build.0 = Debug|Any CPU
		{4E51DD26-3799-4A97-8422-A0B5C73614A8}.Debug|iPhoneSimulator.Deploy.0 = Debug|Any CPU
		{4E51DD26-3799-4A97-8422-A0B5C73614A8}.Release|Any CPU.ActiveCfg = Release|Any CPU
		{4E51DD26-3799-4A97-8422-A0B5C73614A8}.Release|Any CPU.Build.0 = Release|Any CPU
		{4E51DD26-3799-4A97-8422-A0B5C73614A8}.Release|Any CPU.Deploy.0 = Release|Any CPU
		{4E51DD26-3799-4A97-8422-A0B5C73614A8}.Release|iPhone.ActiveCfg = Release|Any CPU
		{4E51DD26-3799-4A97-8422-A0B5C73614A8}.Release|iPhone.Build.0 = Release|Any CPU
		{4E51DD26-3799-4A97-8422-A0B5C73614A8}.Release|iPhone.Deploy.0 = Release|Any CPU
		{4E51DD26-3799-4A97-8422-A0B5C73614A8}.Release|iPhoneSimulator.ActiveCfg = Release|Any CPU
		{4E51DD26-3799-4A97-8422-A0B5C73614A8}.Release|iPhoneSimulator.Build.0 = Release|Any CPU
		{4E51DD26-3799-4A97-8422-A0B5C73614A8}.Release|iPhoneSimulator.Deploy.0 = Release|Any CPU
		{E1301A52-72DA-4F06-AF23-C86634BFF39F}.Ad-Hoc|Any CPU.ActiveCfg = Ad-Hoc|iPhone
		{E1301A52-72DA-4F06-AF23-C86634BFF39F}.Ad-Hoc|iPhone.ActiveCfg = Ad-Hoc|iPhone
		{E1301A52-72DA-4F06-AF23-C86634BFF39F}.Ad-Hoc|iPhone.Build.0 = Ad-Hoc|iPhone
		{E1301A52-72DA-4F06-AF23-C86634BFF39F}.Ad-Hoc|iPhoneSimulator.ActiveCfg = Ad-Hoc|iPhoneSimulator
		{E1301A52-72DA-4F06-AF23-C86634BFF39F}.Ad-Hoc|iPhoneSimulator.Build.0 = Ad-Hoc|iPhoneSimulator
		{E1301A52-72DA-4F06-AF23-C86634BFF39F}.AppStore|Any CPU.ActiveCfg = AppStore|iPhone
		{E1301A52-72DA-4F06-AF23-C86634BFF39F}.AppStore|iPhone.ActiveCfg = AppStore|iPhone
		{E1301A52-72DA-4F06-AF23-C86634BFF39F}.AppStore|iPhone.Build.0 = AppStore|iPhone
		{E1301A52-72DA-4F06-AF23-C86634BFF39F}.AppStore|iPhoneSimulator.ActiveCfg = AppStore|iPhoneSimulator
		{E1301A52-72DA-4F06-AF23-C86634BFF39F}.AppStore|iPhoneSimulator.Build.0 = AppStore|iPhoneSimulator
		{E1301A52-72DA-4F06-AF23-C86634BFF39F}.Debug|Any CPU.ActiveCfg = Debug|iPhone
		{E1301A52-72DA-4F06-AF23-C86634BFF39F}.Debug|iPhone.ActiveCfg = Debug|iPhone
		{E1301A52-72DA-4F06-AF23-C86634BFF39F}.Debug|iPhone.Build.0 = Debug|iPhone
		{E1301A52-72DA-4F06-AF23-C86634BFF39F}.Debug|iPhoneSimulator.ActiveCfg = Debug|iPhoneSimulator
		{E1301A52-72DA-4F06-AF23-C86634BFF39F}.Debug|iPhoneSimulator.Build.0 = Debug|iPhoneSimulator
		{E1301A52-72DA-4F06-AF23-C86634BFF39F}.Release|Any CPU.ActiveCfg = Release|iPhone
		{E1301A52-72DA-4F06-AF23-C86634BFF39F}.Release|iPhone.ActiveCfg = Release|iPhone
		{E1301A52-72DA-4F06-AF23-C86634BFF39F}.Release|iPhone.Build.0 = Release|iPhone
		{E1301A52-72DA-4F06-AF23-C86634BFF39F}.Release|iPhoneSimulator.ActiveCfg = Release|iPhoneSimulator
		{E1301A52-72DA-4F06-AF23-C86634BFF39F}.Release|iPhoneSimulator.Build.0 = Release|iPhoneSimulator
		{0EBC76D1-FF00-4158-9AF8-2184F979C7D6}.Ad-Hoc|Any CPU.ActiveCfg = Ad-Hoc|iPhone
		{0EBC76D1-FF00-4158-9AF8-2184F979C7D6}.Ad-Hoc|iPhone.ActiveCfg = Ad-Hoc|iPhone
		{0EBC76D1-FF00-4158-9AF8-2184F979C7D6}.Ad-Hoc|iPhone.Build.0 = Ad-Hoc|iPhone
		{0EBC76D1-FF00-4158-9AF8-2184F979C7D6}.Ad-Hoc|iPhoneSimulator.ActiveCfg = Ad-Hoc|iPhoneSimulator
		{0EBC76D1-FF00-4158-9AF8-2184F979C7D6}.Ad-Hoc|iPhoneSimulator.Build.0 = Ad-Hoc|iPhoneSimulator
		{0EBC76D1-FF00-4158-9AF8-2184F979C7D6}.AppStore|Any CPU.ActiveCfg = AppStore|iPhone
		{0EBC76D1-FF00-4158-9AF8-2184F979C7D6}.AppStore|iPhone.ActiveCfg = AppStore|iPhone
		{0EBC76D1-FF00-4158-9AF8-2184F979C7D6}.AppStore|iPhone.Build.0 = AppStore|iPhone
		{0EBC76D1-FF00-4158-9AF8-2184F979C7D6}.AppStore|iPhoneSimulator.ActiveCfg = AppStore|iPhoneSimulator
		{0EBC76D1-FF00-4158-9AF8-2184F979C7D6}.AppStore|iPhoneSimulator.Build.0 = AppStore|iPhoneSimulator
		{0EBC76D1-FF00-4158-9AF8-2184F979C7D6}.Debug|Any CPU.ActiveCfg = Debug|iPhone
		{0EBC76D1-FF00-4158-9AF8-2184F979C7D6}.Debug|iPhone.ActiveCfg = Debug|iPhone
		{0EBC76D1-FF00-4158-9AF8-2184F979C7D6}.Debug|iPhone.Build.0 = Debug|iPhone
		{0EBC76D1-FF00-4158-9AF8-2184F979C7D6}.Debug|iPhoneSimulator.ActiveCfg = Debug|iPhoneSimulator
		{0EBC76D1-FF00-4158-9AF8-2184F979C7D6}.Debug|iPhoneSimulator.Build.0 = Debug|iPhoneSimulator
		{0EBC76D1-FF00-4158-9AF8-2184F979C7D6}.Release|Any CPU.ActiveCfg = Release|iPhone
		{0EBC76D1-FF00-4158-9AF8-2184F979C7D6}.Release|iPhone.ActiveCfg = Release|iPhone
		{0EBC76D1-FF00-4158-9AF8-2184F979C7D6}.Release|iPhone.Build.0 = Release|iPhone
		{0EBC76D1-FF00-4158-9AF8-2184F979C7D6}.Release|iPhoneSimulator.ActiveCfg = Release|iPhoneSimulator
		{0EBC76D1-FF00-4158-9AF8-2184F979C7D6}.Release|iPhoneSimulator.Build.0 = Release|iPhoneSimulator
		{B8509D40-CBDF-4FF5-9E3A-A09C60A5DA67}.Ad-Hoc|Any CPU.ActiveCfg = Release|Any CPU
		{B8509D40-CBDF-4FF5-9E3A-A09C60A5DA67}.Ad-Hoc|Any CPU.Build.0 = Release|Any CPU
		{B8509D40-CBDF-4FF5-9E3A-A09C60A5DA67}.Ad-Hoc|Any CPU.Deploy.0 = Release|Any CPU
		{B8509D40-CBDF-4FF5-9E3A-A09C60A5DA67}.Ad-Hoc|iPhone.ActiveCfg = Release|Any CPU
		{B8509D40-CBDF-4FF5-9E3A-A09C60A5DA67}.Ad-Hoc|iPhone.Build.0 = Release|Any CPU
		{B8509D40-CBDF-4FF5-9E3A-A09C60A5DA67}.Ad-Hoc|iPhone.Deploy.0 = Release|Any CPU
		{B8509D40-CBDF-4FF5-9E3A-A09C60A5DA67}.Ad-Hoc|iPhoneSimulator.ActiveCfg = Release|Any CPU
		{B8509D40-CBDF-4FF5-9E3A-A09C60A5DA67}.Ad-Hoc|iPhoneSimulator.Build.0 = Release|Any CPU
		{B8509D40-CBDF-4FF5-9E3A-A09C60A5DA67}.Ad-Hoc|iPhoneSimulator.Deploy.0 = Release|Any CPU
		{B8509D40-CBDF-4FF5-9E3A-A09C60A5DA67}.AppStore|Any CPU.ActiveCfg = Release|Any CPU
		{B8509D40-CBDF-4FF5-9E3A-A09C60A5DA67}.AppStore|Any CPU.Build.0 = Release|Any CPU
		{B8509D40-CBDF-4FF5-9E3A-A09C60A5DA67}.AppStore|Any CPU.Deploy.0 = Release|Any CPU
		{B8509D40-CBDF-4FF5-9E3A-A09C60A5DA67}.AppStore|iPhone.ActiveCfg = Release|Any CPU
		{B8509D40-CBDF-4FF5-9E3A-A09C60A5DA67}.AppStore|iPhone.Build.0 = Release|Any CPU
		{B8509D40-CBDF-4FF5-9E3A-A09C60A5DA67}.AppStore|iPhone.Deploy.0 = Release|Any CPU
		{B8509D40-CBDF-4FF5-9E3A-A09C60A5DA67}.AppStore|iPhoneSimulator.ActiveCfg = Release|Any CPU
		{B8509D40-CBDF-4FF5-9E3A-A09C60A5DA67}.AppStore|iPhoneSimulator.Build.0 = Release|Any CPU
		{B8509D40-CBDF-4FF5-9E3A-A09C60A5DA67}.AppStore|iPhoneSimulator.Deploy.0 = Release|Any CPU
		{B8509D40-CBDF-4FF5-9E3A-A09C60A5DA67}.Debug|Any CPU.ActiveCfg = Debug|Any CPU
		{B8509D40-CBDF-4FF5-9E3A-A09C60A5DA67}.Debug|Any CPU.Build.0 = Debug|Any CPU
		{B8509D40-CBDF-4FF5-9E3A-A09C60A5DA67}.Debug|Any CPU.Deploy.0 = Debug|Any CPU
		{B8509D40-CBDF-4FF5-9E3A-A09C60A5DA67}.Debug|iPhone.ActiveCfg = Debug|Any CPU
		{B8509D40-CBDF-4FF5-9E3A-A09C60A5DA67}.Debug|iPhone.Build.0 = Debug|Any CPU
		{B8509D40-CBDF-4FF5-9E3A-A09C60A5DA67}.Debug|iPhone.Deploy.0 = Debug|Any CPU
		{B8509D40-CBDF-4FF5-9E3A-A09C60A5DA67}.Debug|iPhoneSimulator.ActiveCfg = Debug|Any CPU
		{B8509D40-CBDF-4FF5-9E3A-A09C60A5DA67}.Debug|iPhoneSimulator.Build.0 = Debug|Any CPU
		{B8509D40-CBDF-4FF5-9E3A-A09C60A5DA67}.Debug|iPhoneSimulator.Deploy.0 = Debug|Any CPU
		{B8509D40-CBDF-4FF5-9E3A-A09C60A5DA67}.Release|Any CPU.ActiveCfg = Release|Any CPU
		{B8509D40-CBDF-4FF5-9E3A-A09C60A5DA67}.Release|Any CPU.Build.0 = Release|Any CPU
		{B8509D40-CBDF-4FF5-9E3A-A09C60A5DA67}.Release|Any CPU.Deploy.0 = Release|Any CPU
		{B8509D40-CBDF-4FF5-9E3A-A09C60A5DA67}.Release|iPhone.ActiveCfg = Release|Any CPU
		{B8509D40-CBDF-4FF5-9E3A-A09C60A5DA67}.Release|iPhone.Build.0 = Release|Any CPU
		{B8509D40-CBDF-4FF5-9E3A-A09C60A5DA67}.Release|iPhone.Deploy.0 = Release|Any CPU
		{B8509D40-CBDF-4FF5-9E3A-A09C60A5DA67}.Release|iPhoneSimulator.ActiveCfg = Release|Any CPU
		{B8509D40-CBDF-4FF5-9E3A-A09C60A5DA67}.Release|iPhoneSimulator.Build.0 = Release|Any CPU
		{B8509D40-CBDF-4FF5-9E3A-A09C60A5DA67}.Release|iPhoneSimulator.Deploy.0 = Release|Any CPU
	EndGlobalSection
	GlobalSection(SolutionProperties) = preSolution
		HideSolutionNode = FALSE
	EndGlobalSection
EndGlobal
